
Microsoft Visual Studio Solution File, Format Version 12.00
# Visual Studio 2013
VisualStudioVersion = 12.0.30723.0
MinimumVisualStudioVersion = 10.0.40219.1
Project("{FAE04EC0-301F-11D3-BF4B-00C04F79EFBC}") = "ContactData", "ContactData\ContactData.csproj", "{4127C0F6-22A8-49CF-A376-1F63A7721346}"
EndProject
Project("{FAE04EC0-301F-11D3-BF4B-00C04F79EFBC}") = "ContactDataTest", "ContactDataTest\ContactDataTest.csproj", "{128A22D6-D44A-4A4B-A357-8D70A11C195D}"
EndProject
Global
	GlobalSection(SolutionConfigurationPlatforms) = preSolution
		Debug|Any CPU = Debug|Any CPU
		Release|Any CPU = Release|Any CPU
	EndGlobalSection
	GlobalSection(ProjectConfigurationPlatforms) = postSolution
		{4127C0F6-22A8-49CF-A376-1F63A7721346}.Debug|Any CPU.ActiveCfg = Debug|Any CPU
		{4127C0F6-22A8-49CF-A376-1F63A7721346}.Debug|Any CPU.Build.0 = Debug|Any CPU
		{4127C0F6-22A8-49CF-A376-1F63A7721346}.Release|Any CPU.ActiveCfg = Release|Any CPU
		{4127C0F6-22A8-49CF-A376-1F63A7721346}.Release|Any CPU.Build.0 = Release|Any CPU
		{128A22D6-D44A-4A4B-A357-8D70A11C195D}.Debug|Any CPU.ActiveCfg = Debug|Any CPU
		{128A22D6-D44A-4A4B-A357-8D70A11C195D}.Debug|Any CPU.Build.0 = Debug|Any CPU
		{128A22D6-D44A-4A4B-A357-8D70A11C195D}.Release|Any CPU.ActiveCfg = Release|Any CPU
		{128A22D6-D44A-4A4B-A357-8D70A11C195D}.Release|Any CPU.Build.0 = Release|Any CPU
	EndGlobalSection
	GlobalSection(SolutionProperties) = preSolution
		HideSolutionNode = FALSE
	EndGlobalSection
EndGlobal
